
Microsoft Visual Studio Solution File, Format Version 12.00
# Visual Studio Version 17
VisualStudioVersion = 17.6.33829.357
MinimumVisualStudioVersion = 10.0.40219.1
Project("{FAE04EC0-301F-11D3-BF4B-00C04F79EFBC}") = "OrderEats.Main.API", "OrderEats.Main.API\OrderEats.Main.API.csproj", "{1111176A-8929-46B8-9BE2-F7DF8C741289}"
EndProject
Project("{FAE04EC0-301F-11D3-BF4B-00C04F79EFBC}") = "OrderEats.Library.Common", "OrderEats.Library.Common\OrderEats.Library.Common.csproj", "{DC94E0B6-85CB-420F-A8D1-02B7C122D5B1}"
EndProject
Project("{FAE04EC0-301F-11D3-BF4B-00C04F79EFBC}") = "OrderEats.Library.Infrastructure", "OrderEats.Library.Infrastructure\OrderEats.Library.Infrastructure.csproj", "{3B2F7BAF-FDC8-4521-8D87-930B0DBFF10A}"
EndProject
Project("{FAE04EC0-301F-11D3-BF4B-00C04F79EFBC}") = "OrderEats.Library.Models", "OrderEats.Library.Models\OrderEats.Library.Models.csproj", "{FC3F7DDC-BBBD-4817-A708-2E7A320EFCCC}"
EndProject
Project("{FAE04EC0-301F-11D3-BF4B-00C04F79EFBC}") = "OrderEats.Library.Application", "OrderEats.Library.Application\OrderEats.Library.Application.csproj", "{C83CCA71-DCF6-45A5-B9A3-8AF831E8E745}"
EndProject
Global
	GlobalSection(SolutionConfigurationPlatforms) = preSolution
		Debug|Any CPU = Debug|Any CPU
		Release|Any CPU = Release|Any CPU
	EndGlobalSection
	GlobalSection(ProjectConfigurationPlatforms) = postSolution
		{1111176A-8929-46B8-9BE2-F7DF8C741289}.Debug|Any CPU.ActiveCfg = Debug|Any CPU
		{1111176A-8929-46B8-9BE2-F7DF8C741289}.Debug|Any CPU.Build.0 = Debug|Any CPU
		{1111176A-8929-46B8-9BE2-F7DF8C741289}.Release|Any CPU.ActiveCfg = Release|Any CPU
		{1111176A-8929-46B8-9BE2-F7DF8C741289}.Release|Any CPU.Build.0 = Release|Any CPU
		{DC94E0B6-85CB-420F-A8D1-02B7C122D5B1}.Debug|Any CPU.ActiveCfg = Debug|Any CPU
		{DC94E0B6-85CB-420F-A8D1-02B7C122D5B1}.Debug|Any CPU.Build.0 = Debug|Any CPU
		{DC94E0B6-85CB-420F-A8D1-02B7C122D5B1}.Release|Any CPU.ActiveCfg = Release|Any CPU
		{DC94E0B6-85CB-420F-A8D1-02B7C122D5B1}.Release|Any CPU.Build.0 = Release|Any CPU
		{3B2F7BAF-FDC8-4521-8D87-930B0DBFF10A}.Debug|Any CPU.ActiveCfg = Debug|Any CPU
		{3B2F7BAF-FDC8-4521-8D87-930B0DBFF10A}.Debug|Any CPU.Build.0 = Debug|Any CPU
		{3B2F7BAF-FDC8-4521-8D87-930B0DBFF10A}.Release|Any CPU.ActiveCfg = Release|Any CPU
		{3B2F7BAF-FDC8-4521-8D87-930B0DBFF10A}.Release|Any CPU.Build.0 = Release|Any CPU
		{FC3F7DDC-BBBD-4817-A708-2E7A320EFCCC}.Debug|Any CPU.ActiveCfg = Debug|Any CPU
		{FC3F7DDC-BBBD-4817-A708-2E7A320EFCCC}.Debug|Any CPU.Build.0 = Debug|Any CPU
		{FC3F7DDC-BBBD-4817-A708-2E7A320EFCCC}.Release|Any CPU.ActiveCfg = Release|Any CPU
		{FC3F7DDC-BBBD-4817-A708-2E7A320EFCCC}.Release|Any CPU.Build.0 = Release|Any CPU
		{C83CCA71-DCF6-45A5-B9A3-8AF831E8E745}.Debug|Any CPU.ActiveCfg = Debug|Any CPU
		{C83CCA71-DCF6-45A5-B9A3-8AF831E8E745}.Debug|Any CPU.Build.0 = Debug|Any CPU
		{C83CCA71-DCF6-45A5-B9A3-8AF831E8E745}.Release|Any CPU.ActiveCfg = Release|Any CPU
		{C83CCA71-DCF6-45A5-B9A3-8AF831E8E745}.Release|Any CPU.Build.0 = Release|Any CPU
	EndGlobalSection
	GlobalSection(SolutionProperties) = preSolution
		HideSolutionNode = FALSE
	EndGlobalSection
	GlobalSection(ExtensibilityGlobals) = postSolution
		SolutionGuid = {6B7A32AE-7A15-479B-A27E-A693194A80B1}
	EndGlobalSection
EndGlobal
